{
  "lockfile_version": "1",
  "packages": {
    "go@1.23.2": {
      "last_modified": "2024-10-13T23:44:06Z",
      "resolved": "github:NixOS/nixpkgs/d4f247e89f6e10120f911e2e2d2254a050d0f732#go",
      "source": "devbox-search",
      "version": "1.23.2",
      "systems": {
        "aarch64-darwin": {
          "outputs": [
            {
              "name": "out",
              "path": "/nix/store/35jikx2wg5r0qj47sic0p99bqnmwi6cn-go-1.23.2",
              "default": true
            }
          ],
          "store_path": "/nix/store/35jikx2wg5r0qj47sic0p99bqnmwi6cn-go-1.23.2"
        },
        "aarch64-linux": {
          "outputs": [
            {
              "name": "out",
              "path": "/nix/store/6bx6d90kpy537yab22wja70ibpp4gkww-go-1.23.2",
              "default": true
            }
          ],
          "store_path": "/nix/store/6bx6d90kpy537yab22wja70ibpp4gkww-go-1.23.2"
        },
        "x86_64-darwin": {
          "outputs": [
            {
              "name": "out",
              "path": "/nix/store/yi89mimkmw48qhzrll1aaibxbvllpsjv-go-1.23.2",
              "default": true
            }
          ],
          "store_path": "/nix/store/yi89mimkmw48qhzrll1aaibxbvllpsjv-go-1.23.2"
        },
        "x86_64-linux": {
          "outputs": [
            {
              "name": "out",
              "path": "/nix/store/klw1ipjsqx1np7pkk833x7sad7f3ivv9-go-1.23.2",
              "default": true
            }
          ],
          "store_path": "/nix/store/klw1ipjsqx1np7pkk833x7sad7f3ivv9-go-1.23.2"
        }
      }
    }
  }
}
