{
  "nodes": {
    "home-manager": {
      "inputs": {
        "nixpkgs": [
          "nixpkgs"
        ]
      },
      "locked": {
        "lastModified": 1745439012,
        "narHash": "sha256-TwbdiH28QK7Da2JQTqFHdb+UCJq6QbF2mtf+RxHVzEA=",
        "owner": "nix-community",
        "repo": "home-manager",
        "rev": "d31710fb2cd536b1966fee2af74e99a0816a61a8",
        "type": "github"
      },
      "original": {
        "owner": "nix-community",
        "repo": "home-manager",
        "type": "github"
      }
    },
    "home-manager_2": {
      "inputs": {
        "nixpkgs": [
          "zen-browser",
          "nixpkgs"
        ]
      },
      "locked": {
        "lastModified": 1743604125,
        "narHash": "sha256-ZD61DNbsBt1mQbinAaaEqKaJk2RFo9R/j+eYWeGMx7A=",
        "owner": "nix-community",
        "repo": "home-manager",
        "rev": "180fd43eea296e62ae68e079fcf56aba268b9a1a",
        "type": "github"
      },
      "original": {
        "owner": "nix-community",
        "repo": "home-manager",
        "type": "github"
      }
    },
    "nixpkgs": {
      "locked": {
        "lastModified": 1745234285,
        "narHash": "sha256-GfpyMzxwkfgRVN0cTGQSkTC0OHhEkv3Jf6Tcjm//qZ0=",
        "owner": "NixOS",
        "repo": "nixpkgs",
        "rev": "c11863f1e964833214b767f4a369c6e6a7aba141",
        "type": "github"
      },
      "original": {
        "owner": "NixOS",
        "ref": "nixos-unstable",
        "repo": "nixpkgs",
        "type": "github"
      }
    },
    "nixpkgs_2": {
      "locked": {
        "lastModified": 1743448293,
        "narHash": "sha256-bmEPmSjJakAp/JojZRrUvNcDX2R5/nuX6bm+seVaGhs=",
        "owner": "nixos",
        "repo": "nixpkgs",
        "rev": "77b584d61ff80b4cef9245829a6f1dfad5afdfa3",
        "type": "github"
      },
      "original": {
        "owner": "nixos",
        "ref": "nixos-unstable",
        "repo": "nixpkgs",
        "type": "github"
      }
    },
    "root": {
      "inputs": {
        "home-manager": "home-manager",
        "nixpkgs": "nixpkgs",
        "zen-browser": "zen-browser"
      }
    },
    "zen-browser": {
      "inputs": {
        "home-manager": "home-manager_2",
        "nixpkgs": "nixpkgs_2"
      },
      "locked": {
        "lastModified": 1745425493,
        "narHash": "sha256-5Jsx+GxjSugf1k2s6m8NmOsaeRTN396IS3W/6IQNZ7M=",
        "owner": "0xc000022070",
        "repo": "zen-browser-flake",
        "rev": "c01ddee3daba7e66f8f1cf3993e25d404a38cd4a",
        "type": "github"
      },
      "original": {
        "owner": "0xc000022070",
        "repo": "zen-browser-flake",
        "type": "github"
      }
    }
  },
  "root": "root",
  "version": 7
}
